
Microsoft Visual Studio Solution File, Format Version 12.00
# Visual Studio Version 17
VisualStudioVersion = 17.11.35017.193
MinimumVisualStudioVersion = 10.0.40219.1
Project("{FAE04EC0-301F-11D3-BF4B-00C04F79EFBC}") = "Api", "Api\Api.csproj", "{2D437705-032A-4851-B5D1-A91CD50A0CEF}"
EndProject
Project("{E53339B2-1760-4266-BCC7-CA923CBCF16C}") = "docker-compose", "docker-compose.dcproj", "{7D76F76C-F749-43D5-BE31-4D82E8B51308}"
EndProject
Project("{FAE04EC0-301F-11D3-BF4B-00C04F79EFBC}") = "RabbitMQ", "RabbitMQ\RabbitMQ.csproj", "{D77AD19E-8378-4C9A-8892-F5ECD2B44CBA}"
EndProject
Project("{FAE04EC0-301F-11D3-BF4B-00C04F79EFBC}") = "Infrastructure", "Infrastructure\Infrastructure.csproj", "{519828CA-B983-4D54-99F0-CDD3DD772CE2}"
EndProject
Project("{FAE04EC0-301F-11D3-BF4B-00C04F79EFBC}") = "Domain", "Domain\Domain.csproj", "{FFEC299B-ECC0-461A-B6A7-646758160535}"
EndProject
Project("{FAE04EC0-301F-11D3-BF4B-00C04F79EFBC}") = "Application", "Application\Application.csproj", "{D9804A25-27E3-4873-995F-068BEE3904F2}"
EndProject
Global
	GlobalSection(SolutionConfigurationPlatforms) = preSolution
		Debug|Any CPU = Debug|Any CPU
		Release|Any CPU = Release|Any CPU
	EndGlobalSection
	GlobalSection(ProjectConfigurationPlatforms) = postSolution
		{2D437705-032A-4851-B5D1-A91CD50A0CEF}.Debug|Any CPU.ActiveCfg = Debug|Any CPU
		{2D437705-032A-4851-B5D1-A91CD50A0CEF}.Debug|Any CPU.Build.0 = Debug|Any CPU
		{2D437705-032A-4851-B5D1-A91CD50A0CEF}.Release|Any CPU.ActiveCfg = Release|Any CPU
		{2D437705-032A-4851-B5D1-A91CD50A0CEF}.Release|Any CPU.Build.0 = Release|Any CPU
		{7D76F76C-F749-43D5-BE31-4D82E8B51308}.Debug|Any CPU.ActiveCfg = Debug|Any CPU
		{7D76F76C-F749-43D5-BE31-4D82E8B51308}.Debug|Any CPU.Build.0 = Debug|Any CPU
		{7D76F76C-F749-43D5-BE31-4D82E8B51308}.Release|Any CPU.ActiveCfg = Release|Any CPU
		{7D76F76C-F749-43D5-BE31-4D82E8B51308}.Release|Any CPU.Build.0 = Release|Any CPU
		{D77AD19E-8378-4C9A-8892-F5ECD2B44CBA}.Debug|Any CPU.ActiveCfg = Debug|Any CPU
		{D77AD19E-8378-4C9A-8892-F5ECD2B44CBA}.Debug|Any CPU.Build.0 = Debug|Any CPU
		{D77AD19E-8378-4C9A-8892-F5ECD2B44CBA}.Release|Any CPU.ActiveCfg = Release|Any CPU
		{D77AD19E-8378-4C9A-8892-F5ECD2B44CBA}.Release|Any CPU.Build.0 = Release|Any CPU
		{519828CA-B983-4D54-99F0-CDD3DD772CE2}.Debug|Any CPU.ActiveCfg = Debug|Any CPU
		{519828CA-B983-4D54-99F0-CDD3DD772CE2}.Debug|Any CPU.Build.0 = Debug|Any CPU
		{519828CA-B983-4D54-99F0-CDD3DD772CE2}.Release|Any CPU.ActiveCfg = Release|Any CPU
		{519828CA-B983-4D54-99F0-CDD3DD772CE2}.Release|Any CPU.Build.0 = Release|Any CPU
		{FFEC299B-ECC0-461A-B6A7-646758160535}.Debug|Any CPU.ActiveCfg = Debug|Any CPU
		{FFEC299B-ECC0-461A-B6A7-646758160535}.Debug|Any CPU.Build.0 = Debug|Any CPU
		{FFEC299B-ECC0-461A-B6A7-646758160535}.Release|Any CPU.ActiveCfg = Release|Any CPU
		{FFEC299B-ECC0-461A-B6A7-646758160535}.Release|Any CPU.Build.0 = Release|Any CPU
		{D9804A25-27E3-4873-995F-068BEE3904F2}.Debug|Any CPU.ActiveCfg = Debug|Any CPU
		{D9804A25-27E3-4873-995F-068BEE3904F2}.Debug|Any CPU.Build.0 = Debug|Any CPU
		{D9804A25-27E3-4873-995F-068BEE3904F2}.Release|Any CPU.ActiveCfg = Release|Any CPU
		{D9804A25-27E3-4873-995F-068BEE3904F2}.Release|Any CPU.Build.0 = Release|Any CPU
	EndGlobalSection
	GlobalSection(SolutionProperties) = preSolution
		HideSolutionNode = FALSE
	EndGlobalSection
	GlobalSection(ExtensibilityGlobals) = postSolution
		SolutionGuid = {88F0E737-2C27-48A7-AD95-75E10BBA6A2F}
	EndGlobalSection
EndGlobal
