
Microsoft Visual Studio Solution File, Format Version 12.00
# Visual Studio Version 17
VisualStudioVersion = 17.11.34909.67
MinimumVisualStudioVersion = 10.0.40219.1
Project("{9A19103F-16F7-4668-BE54-9A1E7A4F7556}") = "Team-8.Contracts", "Team-8.Contracts.csproj", "{1156424E-EE3B-4142-99F5-20C90C9C8722}"
EndProject
Global
	GlobalSection(SolutionConfigurationPlatforms) = preSolution
		Debug|Any CPU = Debug|Any CPU
		Release|Any CPU = Release|Any CPU
	EndGlobalSection
	GlobalSection(ProjectConfigurationPlatforms) = postSolution
		{1156424E-EE3B-4142-99F5-20C90C9C8722}.Debug|Any CPU.ActiveCfg = Debug|Any CPU
		{1156424E-EE3B-4142-99F5-20C90C9C8722}.Debug|Any CPU.Build.0 = Debug|Any CPU
		{1156424E-EE3B-4142-99F5-20C90C9C8722}.Release|Any CPU.ActiveCfg = Release|Any CPU
		{1156424E-EE3B-4142-99F5-20C90C9C8722}.Release|Any CPU.Build.0 = Release|Any CPU
	EndGlobalSection
	GlobalSection(SolutionProperties) = preSolution
		HideSolutionNode = FALSE
	EndGlobalSection
	GlobalSection(ExtensibilityGlobals) = postSolution
		SolutionGuid = {1962E02C-B8BC-4770-8BAB-34CC2A94AEC4}
	EndGlobalSection
EndGlobal
